{
  "nodes": {
    "home-manager": {
      "inputs": {
        "nixpkgs": [
          "nixpkgs"
        ]
      },
      "locked": {
<<<<<<< HEAD
        "lastModified": 1724435763,
        "narHash": "sha256-UNky3lJNGQtUEXT2OY8gMxejakSWPTfWKvpFkpFlAfM=",
||||||| b49dde4
        "lastModified": 1723399884,
        "narHash": "sha256-97wn0ihhGqfMb8WcUgzzkM/TuAxce2Gd20A8oiruju4=",
=======
        "lastModified": 1724412708,
        "narHash": "sha256-tLr1k+UZLVumyqXRU8E5lBtLjsvHSy8e2NiamfkjpYg=",
>>>>>>> origin/master
        "owner": "nix-community",
        "repo": "home-manager",
<<<<<<< HEAD
        "rev": "c2cd2a52e02f1dfa1c88f95abeb89298d46023be",
||||||| b49dde4
        "rev": "086f619dd991a4d355c07837448244029fc2d9ab",
=======
        "rev": "b18f3ebc4029c22d437e3424014c8597a8b459a0",
>>>>>>> origin/master
        "type": "github"
      },
      "original": {
        "owner": "nix-community",
        "repo": "home-manager",
        "type": "github"
      }
    },
    "nixpkgs": {
      "locked": {
<<<<<<< HEAD
        "lastModified": 1724479785,
        "narHash": "sha256-pP3Azj5d6M5nmG68Fu4JqZmdGt4S4vqI5f8te+E/FTw=",
||||||| b49dde4
        "lastModified": 1723637854,
        "narHash": "sha256-med8+5DSWa2UnOqtdICndjDAEjxr5D7zaIiK4pn0Q7c=",
=======
        "lastModified": 1724224976,
        "narHash": "sha256-Z/ELQhrSd7bMzTO8r7NZgi9g5emh+aRKoCdaAv5fiO0=",
>>>>>>> origin/master
        "owner": "NixOS",
        "repo": "nixpkgs",
<<<<<<< HEAD
        "rev": "d0e1602ddde669d5beb01aec49d71a51937ed7be",
||||||| b49dde4
        "rev": "c3aa7b8938b17aebd2deecf7be0636000d62a2b9",
=======
        "rev": "c374d94f1536013ca8e92341b540eba4c22f9c62",
>>>>>>> origin/master
        "type": "github"
      },
      "original": {
        "owner": "NixOS",
        "ref": "nixos-unstable",
        "repo": "nixpkgs",
        "type": "github"
      }
    },
    "root": {
      "inputs": {
        "home-manager": "home-manager",
        "nixpkgs": "nixpkgs"
      }
    }
  },
  "root": "root",
  "version": 7
}
