{
  "nodes": {
    "dotfiles": {
      "inputs": {
        "nixpkgs": "nixpkgs"
      },
      "locked": {
        "dirtyRev": "6835939fc37dfb6c27e8ea04a29722e65e6368f7-dirty",
        "dirtyShortRev": "6835939-dirty",
        "lastModified": 1716155521,
        "narHash": "sha256-sJGCrDXdCZkWgsZ8ZHj0V4+AhhuaWZUpTHXAmLpdjls=",
        "type": "git",
        "url": "file:///home/john/dotfiles/"
      },
      "original": {
        "id": "dotfiles",
        "type": "indirect"
      }
    },
    "home-manager": {
      "inputs": {
        "nixpkgs": [
          "nixpkgs"
        ]
      },
      "locked": {
        "lastModified": 1716847642,
        "narHash": "sha256-rjEswRV0o23eBBils8lJXyIGha+l/VjV73IPg+ztxgk=",
        "owner": "nix-community",
        "repo": "home-manager",
        "rev": "10c7c219b7dae5795fb67f465a0d86cbe29f25fa",
        "type": "github"
      },
      "original": {
        "owner": "nix-community",
        "repo": "home-manager",
        "type": "github"
      }
    },
    "nixpkgs": {
      "locked": {
        "lastModified": 1716948383,
        "narHash": "sha256-SzDKxseEcHR5KzPXLwsemyTR/kaM9whxeiJohbL04rs=",
        "owner": "nixos",
        "repo": "nixpkgs",
        "rev": "ad57eef4ef0659193044870c731987a6df5cf56b",
        "type": "github"
      },
      "original": {
        "owner": "nixos",
        "ref": "nixos-unstable",
        "repo": "nixpkgs",
        "type": "github"
      }
    },
    "nixpkgs_2": {
      "locked": {
        "lastModified": 1717274340,
        "narHash": "sha256-VngYXLZ26LthOy+KHx9savjMCGJ0neqtMyN19Nuw6MY=",
        "owner": "nixos",
        "repo": "nixpkgs",
        "rev": "439832d6bffcb1ebcbd0ba3ef59a720995272777",
        "type": "github"
      },
      "original": {
        "owner": "nixos",
        "ref": "master",
        "repo": "nixpkgs",
        "type": "github"
      }
    },
    "root": {
      "inputs": {
        "dotfiles": "dotfiles",
        "home-manager": "home-manager",
        "nixpkgs": "nixpkgs_2"
      }
    }
  },
  "root": "root",
  "version": 7
}
